
Microsoft Visual Studio Solution File, Format Version 12.00
# Visual Studio Version 17
VisualStudioVersion = 17.5.33502.453
MinimumVisualStudioVersion = 10.0.40219.1
Project("{FAE04EC0-301F-11D3-BF4B-00C04F79EFBC}") = "A1-UF3-DataAccess", "A1-UF3-DataAccess\A1-UF3-DataAccess.csproj", "{7BAEF2C3-FEC2-46FF-8044-404CB82315B5}"
EndProject
Global
	GlobalSection(SolutionConfigurationPlatforms) = preSolution
		Debug|Any CPU = Debug|Any CPU
		Release|Any CPU = Release|Any CPU
	EndGlobalSection
	GlobalSection(ProjectConfigurationPlatforms) = postSolution
		{7BAEF2C3-FEC2-46FF-8044-404CB82315B5}.Debug|Any CPU.ActiveCfg = Debug|Any CPU
		{7BAEF2C3-FEC2-46FF-8044-404CB82315B5}.Debug|Any CPU.Build.0 = Debug|Any CPU
		{7BAEF2C3-FEC2-46FF-8044-404CB82315B5}.Release|Any CPU.ActiveCfg = Release|Any CPU
		{7BAEF2C3-FEC2-46FF-8044-404CB82315B5}.Release|Any CPU.Build.0 = Release|Any CPU
	EndGlobalSection
	GlobalSection(SolutionProperties) = preSolution
		HideSolutionNode = FALSE
	EndGlobalSection
	GlobalSection(ExtensibilityGlobals) = postSolution
		SolutionGuid = {82426907-4AD4-4786-A379-40EB576EC239}
	EndGlobalSection
EndGlobal
